// !$*UTF8*$!
{
	archiveVersion = 1;
	classes = {
	};
	objectVersion = 42;
	objects = {

/* Begin PBXBuildFile section */
		77A205F80AB9EB8B00F4C849 /* InfoPlist.strings in Resources */ = {isa = PBXBuildFile; fileRef = 089C165DFE840E0CC02AAC07 /* InfoPlist.strings */; };
		77A205FC0AB9EB9200F4C849 /* Localizable.strings in Resources */ = {isa = PBXBuildFile; fileRef = 77A205FB0AB9EB9200F4C849 /* Localizable.strings */; };
		77A206110AB9EBD700F4C849 /* MainMenu.nib in Resources */ = {isa = PBXBuildFile; fileRef = 77A206100AB9EBD700F4C849 /* MainMenu.nib */; };
		8D11072D0486CEB800E47090 /* main.m in Sources */ = {isa = PBXBuildFile; fileRef = 29B97316FDCFA39411CA2CEA /* main.m */; settings = {ATTRIBUTES = (); }; };
		8D11072F0486CEB800E47090 /* Cocoa.framework in Frameworks */ = {isa = PBXBuildFile; fileRef = 1058C7A1FEA54F0111CA2CBB /* Cocoa.framework */; };
		FA5B93A506F58E97003FE66B /* AppController.h in Resources */ = {isa = PBXBuildFile; fileRef = FA5B93A306F58E97003FE66B /* AppController.h */; };
		FA5B93A606F58E97003FE66B /* AppController.m in Sources */ = {isa = PBXBuildFile; fileRef = FA5B93A406F58E97003FE66B /* AppController.m */; };
		FA5B93CF06F58F83003FE66B /* Carbon.framework in Frameworks */ = {isa = PBXBuildFile; fileRef = FA5B93CE06F58F83003FE66B /* Carbon.framework */; };
		FA5B94A906F59048003FE66B /* Alarm.mp3 in Resources */ = {isa = PBXBuildFile; fileRef = FA5B94A806F59048003FE66B /* Alarm.mp3 */; };
		FAB12F1106F5B30C00D156C6 /* Icon.icns in Resources */ = {isa = PBXBuildFile; fileRef = FAB12F1006F5B30C00D156C6 /* Icon.icns */; };
/* End PBXBuildFile section */

/* Begin PBXFileReference section */
		089C165DFE840E0CC02AAC07 /* InfoPlist.strings */ = {isa = PBXFileReference; fileEncoding = 10; lastKnownFileType = text.plist.strings; path = InfoPlist.strings; sourceTree = "<group>"; };
		1058C7A1FEA54F0111CA2CBB /* Cocoa.framework */ = {isa = PBXFileReference; lastKnownFileType = wrapper.framework; name = Cocoa.framework; path = /System/Library/Frameworks/Cocoa.framework; sourceTree = "<absolute>"; };
		29B97316FDCFA39411CA2CEA /* main.m */ = {isa = PBXFileReference; fileEncoding = 4; lastKnownFileType = sourcecode.c.objc; path = main.m; sourceTree = "<group>"; };
		29B97319FDCFA39411CA2CEA /* English */ = {isa = PBXFileReference; lastKnownFileType = wrapper.nib; name = English; path = English.lproj/MainMenu.nib; sourceTree = "<group>"; };
		29B97324FDCFA39411CA2CEA /* AppKit.framework */ = {isa = PBXFileReference; lastKnownFileType = wrapper.framework; name = AppKit.framework; path = /System/Library/Frameworks/AppKit.framework; sourceTree = "<absolute>"; };
		29B97325FDCFA39411CA2CEA /* Foundation.framework */ = {isa = PBXFileReference; lastKnownFileType = wrapper.framework; name = Foundation.framework; path = /System/Library/Frameworks/Foundation.framework; sourceTree = "<absolute>"; };
		32CA4F630368D1EE00C91783 /* Carbon CapsBeeper_Prefix.pch */ = {isa = PBXFileReference; fileEncoding = 4; lastKnownFileType = sourcecode.c.h; path = "Carbon CapsBeeper_Prefix.pch"; sourceTree = "<group>"; };
		77A2052A0AB9E59300F4C849 /* English */ = {isa = PBXFileReference; fileEncoding = 4; lastKnownFileType = text.plist.strings; name = English; path = English.lproj/Localizable.strings; sourceTree = "<group>"; };
		77A205FD0AB9EB9800F4C849 /* German */ = {isa = PBXFileReference; lastKnownFileType = text.plist.strings; name = German; path = German.lproj/Localizable.strings; sourceTree = "<group>"; };
		8D1107310486CEB800E47090 /* Info.plist */ = {isa = PBXFileReference; fileEncoding = 4; lastKnownFileType = text.plist; path = Info.plist; sourceTree = "<group>"; };
		8D1107320486CEB800E47090 /* Carbon CapsBeeper.app */ = {isa = PBXFileReference; explicitFileType = wrapper.application; includeInIndex = 0; path = "Carbon CapsBeeper.app"; sourceTree = BUILT_PRODUCTS_DIR; };
		FA5B93A306F58E97003FE66B /* AppController.h */ = {isa = PBXFileReference; fileEncoding = 30; lastKnownFileType = sourcecode.c.h; path = AppController.h; sourceTree = "<group>"; };
		FA5B93A406F58E97003FE66B /* AppController.m */ = {isa = PBXFileReference; fileEncoding = 30; lastKnownFileType = sourcecode.c.objc; path = AppController.m; sourceTree = "<group>"; };
		FA5B93CE06F58F83003FE66B /* Carbon.framework */ = {isa = PBXFileReference; lastKnownFileType = wrapper.framework; name = Carbon.framework; path = /System/Library/Frameworks/Carbon.framework; sourceTree = "<absolute>"; };
		FA5B94A806F59048003FE66B /* Alarm.mp3 */ = {isa = PBXFileReference; lastKnownFileType = audio.mp3; path = Alarm.mp3; sourceTree = "<group>"; };
		FAB12F1006F5B30C00D156C6 /* Icon.icns */ = {isa = PBXFileReference; lastKnownFileType = image.icns; path = Icon.icns; sourceTree = "<group>"; };
/* End PBXFileReference section */

/* Begin PBXFrameworksBuildPhase section */
		8D11072E0486CEB800E47090 /* Frameworks */ = {
			isa = PBXFrameworksBuildPhase;
			buildActionMask = 2147483647;
			files = (
				8D11072F0486CEB800E47090 /* Cocoa.framework in Frameworks */,
				FA5B93CF06F58F83003FE66B /* Carbon.framework in Frameworks */,
			);
			runOnlyForDeploymentPostprocessing = 0;
		};
/* End PBXFrameworksBuildPhase section */

/* Begin PBXGroup section */
		080E96DDFE201D6D7F000001 /* Classes */ = {
			isa = PBXGroup;
			children = (
				FA5B93A306F58E97003FE66B /* AppController.h */,
				FA5B93A406F58E97003FE66B /* AppController.m */,
			);
			name = Classes;
			sourceTree = "<group>";
		};
		1058C7A0FEA54F0111CA2CBB /* Linked Frameworks */ = {
			isa = PBXGroup;
			children = (
				1058C7A1FEA54F0111CA2CBB /* Cocoa.framework */,
			);
			name = "Linked Frameworks";
			sourceTree = "<group>";
		};
		1058C7A2FEA54F0111CA2CBB /* Other Frameworks */ = {
			isa = PBXGroup;
			children = (
				FA5B93CE06F58F83003FE66B /* Carbon.framework */,
				29B97325FDCFA39411CA2CEA /* Foundation.framework */,
				29B97324FDCFA39411CA2CEA /* AppKit.framework */,
			);
			name = "Other Frameworks";
			sourceTree = "<group>";
		};
		19C28FACFE9D520D11CA2CBB /* Products */ = {
			isa = PBXGroup;
			children = (
				8D1107320486CEB800E47090 /* Carbon CapsBeeper.app */,
			);
			name = Products;
			sourceTree = "<group>";
		};
		29B97314FDCFA39411CA2CEA /* Carbon CapsBeeper */ = {
			isa = PBXGroup;
			children = (
				080E96DDFE201D6D7F000001 /* Classes */,
				29B97315FDCFA39411CA2CEA /* Other Sources */,
				29B97317FDCFA39411CA2CEA /* Resources */,
				29B97323FDCFA39411CA2CEA /* Frameworks */,
				19C28FACFE9D520D11CA2CBB /* Products */,
			);
			name = "Carbon CapsBeeper";
			sourceTree = "<group>";
		};
		29B97315FDCFA39411CA2CEA /* Other Sources */ = {
			isa = PBXGroup;
			children = (
				32CA4F630368D1EE00C91783 /* Carbon CapsBeeper_Prefix.pch */,
				29B97316FDCFA39411CA2CEA /* main.m */,
			);
			name = "Other Sources";
			sourceTree = "<group>";
		};
		29B97317FDCFA39411CA2CEA /* Resources */ = {
			isa = PBXGroup;
			children = (
				77A205FB0AB9EB9200F4C849 /* Localizable.strings */,
				FAB12F1006F5B30C00D156C6 /* Icon.icns */,
				FA5B94A806F59048003FE66B /* Alarm.mp3 */,
				8D1107310486CEB800E47090 /* Info.plist */,
				089C165DFE840E0CC02AAC07 /* InfoPlist.strings */,
				77A206100AB9EBD700F4C849 /* MainMenu.nib */,
			);
			name = Resources;
			sourceTree = "<group>";
		};
		29B97323FDCFA39411CA2CEA /* Frameworks */ = {
			isa = PBXGroup;
			children = (
				1058C7A0FEA54F0111CA2CBB /* Linked Frameworks */,
				1058C7A2FEA54F0111CA2CBB /* Other Frameworks */,
			);
			name = Frameworks;
			sourceTree = "<group>";
		};
/* End PBXGroup section */

/* Begin PBXNativeTarget section */
		8D1107260486CEB800E47090 /* Carbon CapsBeeper */ = {
			isa = PBXNativeTarget;
			buildConfigurationList = 77A1EE5D08E1CEA1006721AA /* Build configuration list for PBXNativeTarget "Carbon CapsBeeper" */;
			buildPhases = (
				8D1107290486CEB800E47090 /* Resources */,
				8D11072C0486CEB800E47090 /* Sources */,
				8D11072E0486CEB800E47090 /* Frameworks */,
			);
			buildRules = (
			);
			dependencies = (
			);
			name = "Carbon CapsBeeper";
			productInstallPath = "$(HOME)/Applications";
			productName = "Carbon CapsBeeper";
			productReference = 8D1107320486CEB800E47090 /* Carbon CapsBeeper.app */;
			productType = "com.apple.product-type.application";
		};
/* End PBXNativeTarget section */

/* Begin PBXProject section */
		29B97313FDCFA39411CA2CEA /* Project object */ = {
			isa = PBXProject;
			buildConfigurationList = 77A1EE6108E1CEA1006721AA /* Build configuration list for PBXProject "Carbon CapsBeeper" */;
			hasScannedForEncodings = 1;
			mainGroup = 29B97314FDCFA39411CA2CEA /* Carbon CapsBeeper */;
			projectDirPath = "";
			targets = (
				8D1107260486CEB800E47090 /* Carbon CapsBeeper */,
			);
		};
/* End PBXProject section */

/* Begin PBXResourcesBuildPhase section */
		8D1107290486CEB800E47090 /* Resources */ = {
			isa = PBXResourcesBuildPhase;
			buildActionMask = 2147483647;
			files = (
				77A206110AB9EBD700F4C849 /* MainMenu.nib in Resources */,
				77A205F80AB9EB8B00F4C849 /* InfoPlist.strings in Resources */,
				FA5B93A506F58E97003FE66B /* AppController.h in Resources */,
				FA5B94A906F59048003FE66B /* Alarm.mp3 in Resources */,
				FAB12F1106F5B30C00D156C6 /* Icon.icns in Resources */,
				77A205FC0AB9EB9200F4C849 /* Localizable.strings in Resources */,
			);
			runOnlyForDeploymentPostprocessing = 0;
		};
/* End PBXResourcesBuildPhase section */

/* Begin PBXSourcesBuildPhase section */
		8D11072C0486CEB800E47090 /* Sources */ = {
			isa = PBXSourcesBuildPhase;
			buildActionMask = 2147483647;
			files = (
				8D11072D0486CEB800E47090 /* main.m in Sources */,
				FA5B93A606F58E97003FE66B /* AppController.m in Sources */,
			);
			runOnlyForDeploymentPostprocessing = 0;
		};
/* End PBXSourcesBuildPhase section */

/* Begin PBXVariantGroup section */
		77A205FB0AB9EB9200F4C849 /* Localizable.strings */ = {
			isa = PBXVariantGroup;
			children = (
				77A2052A0AB9E59300F4C849 /* English */,
				77A205FD0AB9EB9800F4C849 /* German */,
			);
			name = Localizable.strings;
			sourceTree = "<group>";
		};
		77A206100AB9EBD700F4C849 /* MainMenu.nib */ = {
			isa = PBXVariantGroup;
			children = (
				29B97319FDCFA39411CA2CEA /* English */,
			);
			name = MainMenu.nib;
			sourceTree = "<group>";
		};
/* End PBXVariantGroup section */

/* Begin XCBuildConfiguration section */
		77A1EE5E08E1CEA1006721AA /* Development */ = {
			isa = XCBuildConfiguration;
			buildSettings = {
				COPY_PHASE_STRIP = NO;
				GCC_DYNAMIC_NO_PIC = NO;
				GCC_ENABLE_FIX_AND_CONTINUE = YES;
				GCC_GENERATE_DEBUGGING_SYMBOLS = YES;
				GCC_OPTIMIZATION_LEVEL = 0;
				GCC_PRECOMPILE_PREFIX_HEADER = YES;
				GCC_PREFIX_HEADER = "Carbon CapsBeeper_Prefix.pch";
				INFOPLIST_FILE = Info.plist;
				INSTALL_PATH = "$(HOME)/Applications";
				PRODUCT_NAME = "Carbon CapsBeeper";
				WRAPPER_EXTENSION = app;
				ZERO_LINK = YES;
			};
			name = Development;
		};
		77A1EE5F08E1CEA1006721AA /* Deployment */ = {
			isa = XCBuildConfiguration;
			buildSettings = {
				COPY_PHASE_STRIP = YES;
				GCC_ENABLE_FIX_AND_CONTINUE = NO;
				GCC_GENERATE_DEBUGGING_SYMBOLS = NO;
				GCC_PRECOMPILE_PREFIX_HEADER = YES;
				GCC_PREFIX_HEADER = "Carbon CapsBeeper_Prefix.pch";
				INFOPLIST_FILE = Info.plist;
				INSTALL_PATH = "$(HOME)/Applications";
				PRODUCT_NAME = "Carbon CapsBeeper";
				WRAPPER_EXTENSION = app;
				ZERO_LINK = NO;
			};
			name = Deployment;
		};
		77A1EE6008E1CEA1006721AA /* Default */ = {
			isa = XCBuildConfiguration;
			buildSettings = {
				GCC_GENERATE_DEBUGGING_SYMBOLS = NO;
				GCC_PRECOMPILE_PREFIX_HEADER = YES;
				GCC_PREFIX_HEADER = "Carbon CapsBeeper_Prefix.pch";
				INFOPLIST_FILE = Info.plist;
				INSTALL_PATH = "$(HOME)/Applications";
				PRODUCT_NAME = "Carbon CapsBeeper";
				WRAPPER_EXTENSION = app;
			};
			name = Default;
		};
		77A1EE6208E1CEA1006721AA /* Development */ = {
			isa = XCBuildConfiguration;
			buildSettings = {
				ARCHS = (
					x86_64,
				);
				SDKROOT = /Applications/Xcode.app/Contents/Developer/Platforms/MacOSX.platform/Developer/SDKs/MacOSX10.15.sdk;
			};
			name = Development;
		};
		77A1EE6308E1CEA1006721AA /* Deployment */ = {
			isa = XCBuildConfiguration;
			buildSettings = {
				ARCHS = (
					x86_64,
				);
				SDKROOT = /Applications/Xcode.app/Contents/Developer/Platforms/MacOSX.platform/Developer/SDKs/MacOSX10.15.sdk;
			};
			name = Deployment;
		};
		77A1EE6408E1CEA1006721AA /* Default */ = {
			isa = XCBuildConfiguration;
			buildSettings = {
				ARCHS = (
					x86_64,
				);
				SDKROOT = /Applications/Xcode.app/Contents/Developer/Platforms/MacOSX.platform/Developer/SDKs/MacOSX10.15.sdk;
			};
			name = Default;
		};
/* End XCBuildConfiguration section */

/* Begin XCConfigurationList section */
		77A1EE5D08E1CEA1006721AA /* Build configuration list for PBXNativeTarget "Carbon CapsBeeper" */ = {
			isa = XCConfigurationList;
			buildConfigurations = (
				77A1EE5E08E1CEA1006721AA /* Development */,
				77A1EE5F08E1CEA1006721AA /* Deployment */,
				77A1EE6008E1CEA1006721AA /* Default */,
			);
			defaultConfigurationIsVisible = 0;
			defaultConfigurationName = Default;
		};
		77A1EE6108E1CEA1006721AA /* Build configuration list for PBXProject "Carbon CapsBeeper" */ = {
			isa = XCConfigurationList;
			buildConfigurations = (
				77A1EE6208E1CEA1006721AA /* Development */,
				77A1EE6308E1CEA1006721AA /* Deployment */,
				77A1EE6408E1CEA1006721AA /* Default */,
			);
			defaultConfigurationIsVisible = 0;
			defaultConfigurationName = Default;
		};
/* End XCConfigurationList section */
	};
	rootObject = 29B97313FDCFA39411CA2CEA /* Project object */;
}
